// !$*UTF8*$!
{
	archiveVersion = 1;
	classes = {
	};
	objectVersion = 56;
	objects = {

/* Begin PBXBuildFile section */
		95807D842C03A9D8009B7848 /* NavSideBarApp.swift in Sources */ = {isa = PBXBuildFile; fileRef = 95807D832C03A9D8009B7848 /* NavSideBarApp.swift */; };
		95807D862C03A9D8009B7848 /* ContentView.swift in Sources */ = {isa = PBXBuildFile; fileRef = 95807D852C03A9D8009B7848 /* ContentView.swift */; };
		95807D882C03A9DA009B7848 /* Assets.xcassets in Resources */ = {isa = PBXBuildFile; fileRef = 95807D872C03A9DA009B7848 /* Assets.xcassets */; };
		95807D8B2C03A9DA009B7848 /* Preview Assets.xcassets in Resources */ = {isa = PBXBuildFile; fileRef = 95807D8A2C03A9DA009B7848 /* Preview Assets.xcassets */; };
		95807D8D2C03A9DA009B7848 /* Persistence.swift in Sources */ = {isa = PBXBuildFile; fileRef = 95807D8C2C03A9DA009B7848 /* Persistence.swift */; };
		95807D902C03A9DA009B7848 /* NavSideBar.xcdatamodeld in Sources */ = {isa = PBXBuildFile; fileRef = 95807D8E2C03A9DA009B7848 /* NavSideBar.xcdatamodeld */; };
		95807D9B2C03A9DB009B7848 /* NavSideBarTests.swift in Sources */ = {isa = PBXBuildFile; fileRef = 95807D9A2C03A9DB009B7848 /* NavSideBarTests.swift */; };
		95807DA52C03A9DB009B7848 /* NavSideBarUITests.swift in Sources */ = {isa = PBXBuildFile; fileRef = 95807DA42C03A9DB009B7848 /* NavSideBarUITests.swift */; };
		95807DA72C03A9DB009B7848 /* NavSideBarUITestsLaunchTests.swift in Sources */ = {isa = PBXBuildFile; fileRef = 95807DA62C03A9DB009B7848 /* NavSideBarUITestsLaunchTests.swift */; };
/* End PBXBuildFile section */

/* Begin PBXContainerItemProxy section */
		95807D972C03A9DB009B7848 /* PBXContainerItemProxy */ = {
			isa = PBXContainerItemProxy;
			containerPortal = 95807D782C03A9D8009B7848 /* Project object */;
			proxyType = 1;
			remoteGlobalIDString = 95807D7F2C03A9D8009B7848;
			remoteInfo = NavSideBar;
		};
		95807DA12C03A9DB009B7848 /* PBXContainerItemProxy */ = {
			isa = PBXContainerItemProxy;
			containerPortal = 95807D782C03A9D8009B7848 /* Project object */;
			proxyType = 1;
			remoteGlobalIDString = 95807D7F2C03A9D8009B7848;
			remoteInfo = NavSideBar;
		};
/* End PBXContainerItemProxy section */

/* Begin PBXFileReference section */
		95807D802C03A9D8009B7848 /* NavSideBar.app */ = {isa = PBXFileReference; explicitFileType = wrapper.application; includeInIndex = 0; path = NavSideBar.app; sourceTree = BUILT_PRODUCTS_DIR; };
		95807D832C03A9D8009B7848 /* NavSideBarApp.swift */ = {isa = PBXFileReference; lastKnownFileType = sourcecode.swift; path = NavSideBarApp.swift; sourceTree = "<group>"; };
		95807D852C03A9D8009B7848 /* ContentView.swift */ = {isa = PBXFileReference; lastKnownFileType = sourcecode.swift; path = ContentView.swift; sourceTree = "<group>"; };
		95807D872C03A9DA009B7848 /* Assets.xcassets */ = {isa = PBXFileReference; lastKnownFileType = folder.assetcatalog; path = Assets.xcassets; sourceTree = "<group>"; };
		95807D8A2C03A9DA009B7848 /* Preview Assets.xcassets */ = {isa = PBXFileReference; lastKnownFileType = folder.assetcatalog; path = "Preview Assets.xcassets"; sourceTree = "<group>"; };
		95807D8C2C03A9DA009B7848 /* Persistence.swift */ = {isa = PBXFileReference; lastKnownFileType = sourcecode.swift; path = Persistence.swift; sourceTree = "<group>"; };
		95807D8F2C03A9DA009B7848 /* NavSideBar.xcdatamodel */ = {isa = PBXFileReference; lastKnownFileType = wrapper.xcdatamodel; path = NavSideBar.xcdatamodel; sourceTree = "<group>"; };
		95807D912C03A9DA009B7848 /* Info.plist */ = {isa = PBXFileReference; lastKnownFileType = text.plist.xml; path = Info.plist; sourceTree = "<group>"; };
		95807D962C03A9DB009B7848 /* NavSideBarTests.xctest */ = {isa = PBXFileReference; explicitFileType = wrapper.cfbundle; includeInIndex = 0; path = NavSideBarTests.xctest; sourceTree = BUILT_PRODUCTS_DIR; };
		95807D9A2C03A9DB009B7848 /* NavSideBarTests.swift */ = {isa = PBXFileReference; lastKnownFileType = sourcecode.swift; path = NavSideBarTests.swift; sourceTree = "<group>"; };
		95807DA02C03A9DB009B7848 /* NavSideBarUITests.xctest */ = {isa = PBXFileReference; explicitFileType = wrapper.cfbundle; includeInIndex = 0; path = NavSideBarUITests.xctest; sourceTree = BUILT_PRODUCTS_DIR; };
		95807DA42C03A9DB009B7848 /* NavSideBarUITests.swift */ = {isa = PBXFileReference; lastKnownFileType = sourcecode.swift; path = NavSideBarUITests.swift; sourceTree = "<group>"; };
		95807DA62C03A9DB009B7848 /* NavSideBarUITestsLaunchTests.swift */ = {isa = PBXFileReference; lastKnownFileType = sourcecode.swift; path = NavSideBarUITestsLaunchTests.swift; sourceTree = "<group>"; };
/* End PBXFileReference section */

/* Begin PBXFrameworksBuildPhase section */
		95807D7D2C03A9D8009B7848 /* Frameworks */ = {
			isa = PBXFrameworksBuildPhase;
			buildActionMask = 2147483647;
			files = (
			);
			runOnlyForDeploymentPostprocessing = 0;
		};
		95807D932C03A9DB009B7848 /* Frameworks */ = {
			isa = PBXFrameworksBuildPhase;
			buildActionMask = 2147483647;
			files = (
			);
			runOnlyForDeploymentPostprocessing = 0;
		};
		95807D9D2C03A9DB009B7848 /* Frameworks */ = {
			isa = PBXFrameworksBuildPhase;
			buildActionMask = 2147483647;
			files = (
			);
			runOnlyForDeploymentPostprocessing = 0;
		};
/* End PBXFrameworksBuildPhase section */

/* Begin PBXGroup section */
		95807D772C03A9D8009B7848 = {
			isa = PBXGroup;
			children = (
				95807D822C03A9D8009B7848 /* NavSideBar */,
				95807D992C03A9DB009B7848 /* NavSideBarTests */,
				95807DA32C03A9DB009B7848 /* NavSideBarUITests */,
				95807D812C03A9D8009B7848 /* Products */,
			);
			sourceTree = "<group>";
		};
		95807D812C03A9D8009B7848 /* Products */ = {
			isa = PBXGroup;
			children = (
				95807D802C03A9D8009B7848 /* NavSideBar.app */,
				95807D962C03A9DB009B7848 /* NavSideBarTests.xctest */,
				95807DA02C03A9DB009B7848 /* NavSideBarUITests.xctest */,
			);
			name = Products;
			sourceTree = "<group>";
		};
		95807D822C03A9D8009B7848 /* NavSideBar */ = {
			isa = PBXGroup;
			children = (
				95807D832C03A9D8009B7848 /* NavSideBarApp.swift */,
				95807D852C03A9D8009B7848 /* ContentView.swift */,
				95807D872C03A9DA009B7848 /* Assets.xcassets */,
				95807D8C2C03A9DA009B7848 /* Persistence.swift */,
				95807D912C03A9DA009B7848 /* Info.plist */,
				95807D8E2C03A9DA009B7848 /* NavSideBar.xcdatamodeld */,
				95807D892C03A9DA009B7848 /* Preview Content */,
			);
			path = NavSideBar;
			sourceTree = "<group>";
		};
		95807D892C03A9DA009B7848 /* Preview Content */ = {
			isa = PBXGroup;
			children = (
				95807D8A2C03A9DA009B7848 /* Preview Assets.xcassets */,
			);
			path = "Preview Content";
			sourceTree = "<group>";
		};
		95807D992C03A9DB009B7848 /* NavSideBarTests */ = {
			isa = PBXGroup;
			children = (
				95807D9A2C03A9DB009B7848 /* NavSideBarTests.swift */,
			);
			path = NavSideBarTests;
			sourceTree = "<group>";
		};
		95807DA32C03A9DB009B7848 /* NavSideBarUITests */ = {
			isa = PBXGroup;
			children = (
				95807DA42C03A9DB009B7848 /* NavSideBarUITests.swift */,
				95807DA62C03A9DB009B7848 /* NavSideBarUITestsLaunchTests.swift */,
			);
			path = NavSideBarUITests;
			sourceTree = "<group>";
		};
/* End PBXGroup section */

/* Begin PBXNativeTarget section */
		95807D7F2C03A9D8009B7848 /* NavSideBar */ = {
			isa = PBXNativeTarget;
			buildConfigurationList = 95807DAA2C03A9DB009B7848 /* Build configuration list for PBXNativeTarget "NavSideBar" */;
			buildPhases = (
				95807D7C2C03A9D8009B7848 /* Sources */,
				95807D7D2C03A9D8009B7848 /* Frameworks */,
				95807D7E2C03A9D8009B7848 /* Resources */,
			);
			buildRules = (
			);
			dependencies = (
			);
			name = NavSideBar;
			productName = NavSideBar;
			productReference = 95807D802C03A9D8009B7848 /* NavSideBar.app */;
			productType = "com.apple.product-type.application";
		};
		95807D952C03A9DB009B7848 /* NavSideBarTests */ = {
			isa = PBXNativeTarget;
			buildConfigurationList = 95807DAD2C03A9DB009B7848 /* Build configuration list for PBXNativeTarget "NavSideBarTests" */;
			buildPhases = (
				95807D922C03A9DB009B7848 /* Sources */,
				95807D932C03A9DB009B7848 /* Frameworks */,
				95807D942C03A9DB009B7848 /* Resources */,
			);
			buildRules = (
			);
			dependencies = (
				95807D982C03A9DB009B7848 /* PBXTargetDependency */,
			);
			name = NavSideBarTests;
			productName = NavSideBarTests;
			productReference = 95807D962C03A9DB009B7848 /* NavSideBarTests.xctest */;
			productType = "com.apple.product-type.bundle.unit-test";
		};
		95807D9F2C03A9DB009B7848 /* NavSideBarUITests */ = {
			isa = PBXNativeTarget;
			buildConfigurationList = 95807DB02C03A9DB009B7848 /* Build configuration list for PBXNativeTarget "NavSideBarUITests" */;
			buildPhases = (
				95807D9C2C03A9DB009B7848 /* Sources */,
				95807D9D2C03A9DB009B7848 /* Frameworks */,
				95807D9E2C03A9DB009B7848 /* Resources */,
			);
			buildRules = (
			);
			dependencies = (
				95807DA22C03A9DB009B7848 /* PBXTargetDependency */,
			);
			name = NavSideBarUITests;
			productName = NavSideBarUITests;
			productReference = 95807DA02C03A9DB009B7848 /* NavSideBarUITests.xctest */;
			productType = "com.apple.product-type.bundle.ui-testing";
		};
/* End PBXNativeTarget section */

/* Begin PBXProject section */
		95807D782C03A9D8009B7848 /* Project object */ = {
			isa = PBXProject;
			attributes = {
				BuildIndependentTargetsInParallel = 1;
				LastSwiftUpdateCheck = 1420;
				LastUpgradeCheck = 1420;
				TargetAttributes = {
					95807D7F2C03A9D8009B7848 = {
						CreatedOnToolsVersion = 14.2;
					};
					95807D952C03A9DB009B7848 = {
						CreatedOnToolsVersion = 14.2;
						TestTargetID = 95807D7F2C03A9D8009B7848;
					};
					95807D9F2C03A9DB009B7848 = {
						CreatedOnToolsVersion = 14.2;
						TestTargetID = 95807D7F2C03A9D8009B7848;
					};
				};
			};
			buildConfigurationList = 95807D7B2C03A9D8009B7848 /* Build configuration list for PBXProject "NavSideBar" */;
			compatibilityVersion = "Xcode 14.0";
			developmentRegion = en;
			hasScannedForEncodings = 0;
			knownRegions = (
				en,
				Base,
			);
			mainGroup = 95807D772C03A9D8009B7848;
			productRefGroup = 95807D812C03A9D8009B7848 /* Products */;
			projectDirPath = "";
			projectRoot = "";
			targets = (
				95807D7F2C03A9D8009B7848 /* NavSideBar */,
				95807D952C03A9DB009B7848 /* NavSideBarTests */,
				95807D9F2C03A9DB009B7848 /* NavSideBarUITests */,
			);
		};
/* End PBXProject section */

/* Begin PBXResourcesBuildPhase section */
		95807D7E2C03A9D8009B7848 /* Resources */ = {
			isa = PBXResourcesBuildPhase;
			buildActionMask = 2147483647;
			files = (
				95807D8B2C03A9DA009B7848 /* Preview Assets.xcassets in Resources */,
				95807D882C03A9DA009B7848 /* Assets.xcassets in Resources */,
			);
			runOnlyForDeploymentPostprocessing = 0;
		};
		95807D942C03A9DB009B7848 /* Resources */ = {
			isa = PBXResourcesBuildPhase;
			buildActionMask = 2147483647;
			files = (
			);
			runOnlyForDeploymentPostprocessing = 0;
		};
		95807D9E2C03A9DB009B7848 /* Resources */ = {
			isa = PBXResourcesBuildPhase;
			buildActionMask = 2147483647;
			files = (
			);
			runOnlyForDeploymentPostprocessing = 0;
		};
/* End PBXResourcesBuildPhase section */

/* Begin PBXSourcesBuildPhase section */
		95807D7C2C03A9D8009B7848 /* Sources */ = {
			isa = PBXSourcesBuildPhase;
			buildActionMask = 2147483647;
			files = (
				95807D8D2C03A9DA009B7848 /* Persistence.swift in Sources */,
				95807D862C03A9D8009B7848 /* ContentView.swift in Sources */,
				95807D902C03A9DA009B7848 /* NavSideBar.xcdatamodeld in Sources */,
				95807D842C03A9D8009B7848 /* NavSideBarApp.swift in Sources */,
			);
			runOnlyForDeploymentPostprocessing = 0;
		};
		95807D922C03A9DB009B7848 /* Sources */ = {
			isa = PBXSourcesBuildPhase;
			buildActionMask = 2147483647;
			files = (
				95807D9B2C03A9DB009B7848 /* NavSideBarTests.swift in Sources */,
			);
			runOnlyForDeploymentPostprocessing = 0;
		};
		95807D9C2C03A9DB009B7848 /* Sources */ = {
			isa = PBXSourcesBuildPhase;
			buildActionMask = 2147483647;
			files = (
				95807DA52C03A9DB009B7848 /* NavSideBarUITests.swift in Sources */,
				95807DA72C03A9DB009B7848 /* NavSideBarUITestsLaunchTests.swift in Sources */,
			);
			runOnlyForDeploymentPostprocessing = 0;
		};
/* End PBXSourcesBuildPhase section */

/* Begin PBXTargetDependency section */
		95807D982C03A9DB009B7848 /* PBXTargetDependency */ = {
			isa = PBXTargetDependency;
			target = 95807D7F2C03A9D8009B7848 /* NavSideBar */;
			targetProxy = 95807D972C03A9DB009B7848 /* PBXContainerItemProxy */;
		};
		95807DA22C03A9DB009B7848 /* PBXTargetDependency */ = {
			isa = PBXTargetDependency;
			target = 95807D7F2C03A9D8009B7848 /* NavSideBar */;
			targetProxy = 95807DA12C03A9DB009B7848 /* PBXContainerItemProxy */;
		};
/* End PBXTargetDependency section */

/* Begin XCBuildConfiguration section */
		95807DA82C03A9DB009B7848 /* Debug */ = {
			isa = XCBuildConfiguration;
			buildSettings = {
				ALWAYS_SEARCH_USER_PATHS = NO;
				CLANG_ANALYZER_NONNULL = YES;
				CLANG_ANALYZER_NUMBER_OBJECT_CONVERSION = YES_AGGRESSIVE;
				CLANG_CXX_LANGUAGE_STANDARD = "gnu++20";
				CLANG_ENABLE_MODULES = YES;
				CLANG_ENABLE_OBJC_ARC = YES;
				CLANG_ENABLE_OBJC_WEAK = YES;
				CLANG_WARN_BLOCK_CAPTURE_AUTORELEASING = YES;
				CLANG_WARN_BOOL_CONVERSION = YES;
				CLANG_WARN_COMMA = YES;
				CLANG_WARN_CONSTANT_CONVERSION = YES;
				CLANG_WARN_DEPRECATED_OBJC_IMPLEMENTATIONS = YES;
				CLANG_WARN_DIRECT_OBJC_ISA_USAGE = YES_ERROR;
				CLANG_WARN_DOCUMENTATION_COMMENTS = YES;
				CLANG_WARN_EMPTY_BODY = YES;
				CLANG_WARN_ENUM_CONVERSION = YES;
				CLANG_WARN_INFINITE_RECURSION = YES;
				CLANG_WARN_INT_CONVERSION = YES;
				CLANG_WARN_NON_LITERAL_NULL_CONVERSION = YES;
				CLANG_WARN_OBJC_IMPLICIT_RETAIN_SELF = YES;
				CLANG_WARN_OBJC_LITERAL_CONVERSION = YES;
				CLANG_WARN_OBJC_ROOT_CLASS = YES_ERROR;
				CLANG_WARN_QUOTED_INCLUDE_IN_FRAMEWORK_HEADER = YES;
				CLANG_WARN_RANGE_LOOP_ANALYSIS = YES;
				CLANG_WARN_STRICT_PROTOTYPES = YES;
				CLANG_WARN_SUSPICIOUS_MOVE = YES;
				CLANG_WARN_UNGUARDED_AVAILABILITY = YES_AGGRESSIVE;
				CLANG_WARN_UNREACHABLE_CODE = YES;
				CLANG_WARN__DUPLICATE_METHOD_MATCH = YES;
				COPY_PHASE_STRIP = NO;
				DEBUG_INFORMATION_FORMAT = dwarf;
				ENABLE_STRICT_OBJC_MSGSEND = YES;
				ENABLE_TESTABILITY = YES;
				GCC_C_LANGUAGE_STANDARD = gnu11;
				GCC_DYNAMIC_NO_PIC = NO;
				GCC_NO_COMMON_BLOCKS = YES;
				GCC_OPTIMIZATION_LEVEL = 0;
				GCC_PREPROCESSOR_DEFINITIONS = (
					"DEBUG=1",
					"$(inherited)",
				);
				GCC_WARN_64_TO_32_BIT_CONVERSION = YES;
				GCC_WARN_ABOUT_RETURN_TYPE = YES_ERROR;
				GCC_WARN_UNDECLARED_SELECTOR = YES;
				GCC_WARN_UNINITIALIZED_AUTOS = YES_AGGRESSIVE;
				GCC_WARN_UNUSED_FUNCTION = YES;
				GCC_WARN_UNUSED_VARIABLE = YES;
				IPHONEOS_DEPLOYMENT_TARGET = 16.2;
				MTL_ENABLE_DEBUG_INFO = INCLUDE_SOURCE;
				MTL_FAST_MATH = YES;
				ONLY_ACTIVE_ARCH = YES;
				SDKROOT = iphoneos;
				SWIFT_ACTIVE_COMPILATION_CONDITIONS = DEBUG;
				SWIFT_OPTIMIZATION_LEVEL = "-Onone";
			};
			name = Debug;
		};
		95807DA92C03A9DB009B7848 /* Release */ = {
			isa = XCBuildConfiguration;
			buildSettings = {
				ALWAYS_SEARCH_USER_PATHS = NO;
				CLANG_ANALYZER_NONNULL = YES;
				CLANG_ANALYZER_NUMBER_OBJECT_CONVERSION = YES_AGGRESSIVE;
				CLANG_CXX_LANGUAGE_STANDARD = "gnu++20";
				CLANG_ENABLE_MODULES = YES;
				CLANG_ENABLE_OBJC_ARC = YES;
				CLANG_ENABLE_OBJC_WEAK = YES;
				CLANG_WARN_BLOCK_CAPTURE_AUTORELEASING = YES;
				CLANG_WARN_BOOL_CONVERSION = YES;
				CLANG_WARN_COMMA = YES;
				CLANG_WARN_CONSTANT_CONVERSION = YES;
				CLANG_WARN_DEPRECATED_OBJC_IMPLEMENTATIONS = YES;
				CLANG_WARN_DIRECT_OBJC_ISA_USAGE = YES_ERROR;
				CLANG_WARN_DOCUMENTATION_COMMENTS = YES;
				CLANG_WARN_EMPTY_BODY = YES;
				CLANG_WARN_ENUM_CONVERSION = YES;
				CLANG_WARN_INFINITE_RECURSION = YES;
				CLANG_WARN_INT_CONVERSION = YES;
				CLANG_WARN_NON_LITERAL_NULL_CONVERSION = YES;
				CLANG_WARN_OBJC_IMPLICIT_RETAIN_SELF = YES;
				CLANG_WARN_OBJC_LITERAL_CONVERSION = YES;
				CLANG_WARN_OBJC_ROOT_CLASS = YES_ERROR;
				CLANG_WARN_QUOTED_INCLUDE_IN_FRAMEWORK_HEADER = YES;
				CLANG_WARN_RANGE_LOOP_ANALYSIS = YES;
				CLANG_WARN_STRICT_PROTOTYPES = YES;
				CLANG_WARN_SUSPICIOUS_MOVE = YES;
				CLANG_WARN_UNGUARDED_AVAILABILITY = YES_AGGRESSIVE;
				CLANG_WARN_UNREACHABLE_CODE = YES;
				CLANG_WARN__DUPLICATE_METHOD_MATCH = YES;
				COPY_PHASE_STRIP = NO;
				DEBUG_INFORMATION_FORMAT = "dwarf-with-dsym";
				ENABLE_NS_ASSERTIONS = NO;
				ENABLE_STRICT_OBJC_MSGSEND = YES;
				GCC_C_LANGUAGE_STANDARD = gnu11;
				GCC_NO_COMMON_BLOCKS = YES;
				GCC_WARN_64_TO_32_BIT_CONVERSION = YES;
				GCC_WARN_ABOUT_RETURN_TYPE = YES_ERROR;
				GCC_WARN_UNDECLARED_SELECTOR = YES;
				GCC_WARN_UNINITIALIZED_AUTOS = YES_AGGRESSIVE;
				GCC_WARN_UNUSED_FUNCTION = YES;
				GCC_WARN_UNUSED_VARIABLE = YES;
				IPHONEOS_DEPLOYMENT_TARGET = 16.2;
				MTL_ENABLE_DEBUG_INFO = NO;
				MTL_FAST_MATH = YES;
				SDKROOT = iphoneos;
				SWIFT_COMPILATION_MODE = wholemodule;
				SWIFT_OPTIMIZATION_LEVEL = "-O";
				VALIDATE_PRODUCT = YES;
			};
			name = Release;
		};
		95807DAB2C03A9DB009B7848 /* Debug */ = {
			isa = XCBuildConfiguration;
			buildSettings = {
				ASSETCATALOG_COMPILER_APPICON_NAME = AppIcon;
				ASSETCATALOG_COMPILER_GLOBAL_ACCENT_COLOR_NAME = AccentColor;
				CODE_SIGN_STYLE = Automatic;
				CURRENT_PROJECT_VERSION = 1;
				DEVELOPMENT_ASSET_PATHS = "\"NavSideBar/Preview Content\"";
				ENABLE_PREVIEWS = YES;
				GENERATE_INFOPLIST_FILE = YES;
				INFOPLIST_KEY_UIApplicationSceneManifest_Generation = YES;
				INFOPLIST_KEY_UIApplicationSupportsIndirectInputEvents = YES;
				INFOPLIST_KEY_UILaunchScreen_Generation = YES;
				INFOPLIST_KEY_UISupportedInterfaceOrientations_iPad = "UIInterfaceOrientationPortrait UIInterfaceOrientationPortraitUpsideDown UIInterfaceOrientationLandscapeLeft UIInterfaceOrientationLandscapeRight";
				INFOPLIST_KEY_UISupportedInterfaceOrientations_iPhone = "UIInterfaceOrientationPortrait UIInterfaceOrientationLandscapeLeft UIInterfaceOrientationLandscapeRight";
				LD_RUNPATH_SEARCH_PATHS = (
					"$(inherited)",
					"@executable_path/Frameworks",
				);
				MARKETING_VERSION = 1.0;
				PRODUCT_BUNDLE_IDENTIFIER = gc.NavSideBar;
				PRODUCT_NAME = "$(TARGET_NAME)";
				SWIFT_EMIT_LOC_STRINGS = YES;
				SWIFT_VERSION = 5.0;
				TARGETED_DEVICE_FAMILY = "1,2";
			};
			name = Debug;
		};
		95807DAC2C03A9DB009B7848 /* Release */ = {
			isa = XCBuildConfiguration;
			buildSettings = {
				ASSETCATALOG_COMPILER_APPICON_NAME = AppIcon;
				ASSETCATALOG_COMPILER_GLOBAL_ACCENT_COLOR_NAME = AccentColor;
				CODE_SIGN_STYLE = Automatic;
				CURRENT_PROJECT_VERSION = 1;
				DEVELOPMENT_ASSET_PATHS = "\"NavSideBar/Preview Content\"";
				ENABLE_PREVIEWS = YES;
				GENERATE_INFOPLIST_FILE = YES;
				INFOPLIST_KEY_UIApplicationSceneManifest_Generation = YES;
				INFOPLIST_KEY_UIApplicationSupportsIndirectInputEvents = YES;
				INFOPLIST_KEY_UILaunchScreen_Generation = YES;
				INFOPLIST_KEY_UISupportedInterfaceOrientations_iPad = "UIInterfaceOrientationPortrait UIInterfaceOrientationPortraitUpsideDown UIInterfaceOrientationLandscapeLeft UIInterfaceOrientationLandscapeRight";
				INFOPLIST_KEY_UISupportedInterfaceOrientations_iPhone = "UIInterfaceOrientationPortrait UIInterfaceOrientationLandscapeLeft UIInterfaceOrientationLandscapeRight";
				LD_RUNPATH_SEARCH_PATHS = (
					"$(inherited)",
					"@executable_path/Frameworks",
				);
				MARKETING_VERSION = 1.0;
				PRODUCT_BUNDLE_IDENTIFIER = gc.NavSideBar;
				PRODUCT_NAME = "$(TARGET_NAME)";
				SWIFT_EMIT_LOC_STRINGS = YES;
				SWIFT_VERSION = 5.0;
				TARGETED_DEVICE_FAMILY = "1,2";
			};
			name = Release;
		};
		95807DAE2C03A9DB009B7848 /* Debug */ = {
			isa = XCBuildConfiguration;
			buildSettings = {
				ALWAYS_EMBED_SWIFT_STANDARD_LIBRARIES = YES;
				BUNDLE_LOADER = "$(TEST_HOST)";
				CODE_SIGN_STYLE = Automatic;
				CURRENT_PROJECT_VERSION = 1;
				GENERATE_INFOPLIST_FILE = YES;
				IPHONEOS_DEPLOYMENT_TARGET = 16.2;
				MARKETING_VERSION = 1.0;
				PRODUCT_BUNDLE_IDENTIFIER = gc.NavSideBarTests;
				PRODUCT_NAME = "$(TARGET_NAME)";
				SWIFT_EMIT_LOC_STRINGS = NO;
				SWIFT_VERSION = 5.0;
				TARGETED_DEVICE_FAMILY = "1,2";
				TEST_HOST = "$(BUILT_PRODUCTS_DIR)/NavSideBar.app/$(BUNDLE_EXECUTABLE_FOLDER_PATH)/NavSideBar";
			};
			name = Debug;
		};
		95807DAF2C03A9DB009B7848 /* Release */ = {
			isa = XCBuildConfiguration;
			buildSettings = {
				ALWAYS_EMBED_SWIFT_STANDARD_LIBRARIES = YES;
				BUNDLE_LOADER = "$(TEST_HOST)";
				CODE_SIGN_STYLE = Automatic;
				CURRENT_PROJECT_VERSION = 1;
				GENERATE_INFOPLIST_FILE = YES;
				IPHONEOS_DEPLOYMENT_TARGET = 16.2;
				MARKETING_VERSION = 1.0;
				PRODUCT_BUNDLE_IDENTIFIER = gc.NavSideBarTests;
				PRODUCT_NAME = "$(TARGET_NAME)";
				SWIFT_EMIT_LOC_STRINGS = NO;
				SWIFT_VERSION = 5.0;
				TARGETED_DEVICE_FAMILY = "1,2";
				TEST_HOST = "$(BUILT_PRODUCTS_DIR)/NavSideBar.app/$(BUNDLE_EXECUTABLE_FOLDER_PATH)/NavSideBar";
			};
			name = Release;
		};
		95807DB12C03A9DB009B7848 /* Debug */ = {
			isa = XCBuildConfiguration;
			buildSettings = {
				ALWAYS_EMBED_SWIFT_STANDARD_LIBRARIES = YES;
				CODE_SIGN_STYLE = Automatic;
				CURRENT_PROJECT_VERSION = 1;
				GENERATE_INFOPLIST_FILE = YES;
				MARKETING_VERSION = 1.0;
				PRODUCT_BUNDLE_IDENTIFIER = gc.NavSideBarUITests;
				PRODUCT_NAME = "$(TARGET_NAME)";
				SWIFT_EMIT_LOC_STRINGS = NO;
				SWIFT_VERSION = 5.0;
				TARGETED_DEVICE_FAMILY = "1,2";
				TEST_TARGET_NAME = NavSideBar;
			};
			name = Debug;
		};
		95807DB22C03A9DB009B7848 /* Release */ = {
			isa = XCBuildConfiguration;
			buildSettings = {
				ALWAYS_EMBED_SWIFT_STANDARD_LIBRARIES = YES;
				CODE_SIGN_STYLE = Automatic;
				CURRENT_PROJECT_VERSION = 1;
				GENERATE_INFOPLIST_FILE = YES;
				MARKETING_VERSION = 1.0;
				PRODUCT_BUNDLE_IDENTIFIER = gc.NavSideBarUITests;
				PRODUCT_NAME = "$(TARGET_NAME)";
				SWIFT_EMIT_LOC_STRINGS = NO;
				SWIFT_VERSION = 5.0;
				TARGETED_DEVICE_FAMILY = "1,2";
				TEST_TARGET_NAME = NavSideBar;
			};
			name = Release;
		};
/* End XCBuildConfiguration section */

/* Begin XCConfigurationList section */
		95807D7B2C03A9D8009B7848 /* Build configuration list for PBXProject "NavSideBar" */ = {
			isa = XCConfigurationList;
			buildConfigurations = (
				95807DA82C03A9DB009B7848 /* Debug */,
				95807DA92C03A9DB009B7848 /* Release */,
			);
			defaultConfigurationIsVisible = 0;
			defaultConfigurationName = Release;
		};
		95807DAA2C03A9DB009B7848 /* Build configuration list for PBXNativeTarget "NavSideBar" */ = {
			isa = XCConfigurationList;
			buildConfigurations = (
				95807DAB2C03A9DB009B7848 /* Debug */,
				95807DAC2C03A9DB009B7848 /* Release */,
			);
			defaultConfigurationIsVisible = 0;
			defaultConfigurationName = Release;
		};
		95807DAD2C03A9DB009B7848 /* Build configuration list for PBXNativeTarget "NavSideBarTests" */ = {
			isa = XCConfigurationList;
			buildConfigurations = (
				95807DAE2C03A9DB009B7848 /* Debug */,
				95807DAF2C03A9DB009B7848 /* Release */,
			);
			defaultConfigurationIsVisible = 0;
			defaultConfigurationName = Release;
		};
		95807DB02C03A9DB009B7848 /* Build configuration list for PBXNativeTarget "NavSideBarUITests" */ = {
			isa = XCConfigurationList;
			buildConfigurations = (
				95807DB12C03A9DB009B7848 /* Debug */,
				95807DB22C03A9DB009B7848 /* Release */,
			);
			defaultConfigurationIsVisible = 0;
			defaultConfigurationName = Release;
		};
/* End XCConfigurationList section */

/* Begin XCVersionGroup section */
		95807D8E2C03A9DA009B7848 /* NavSideBar.xcdatamodeld */ = {
			isa = XCVersionGroup;
			children = (
				95807D8F2C03A9DA009B7848 /* NavSideBar.xcdatamodel */,
			);
			currentVersion = 95807D8F2C03A9DA009B7848 /* NavSideBar.xcdatamodel */;
			path = NavSideBar.xcdatamodeld;
			sourceTree = "<group>";
			versionGroupType = wrapper.xcdatamodel;
		};
/* End XCVersionGroup section */
	};
	rootObject = 95807D782C03A9D8009B7848 /* Project object */;
}
